schema: '2.0'
stages:
  data_ingestion:
    cmd: python src/deepClassifier/pipeline/stage_01_data_ingestion.py
    deps:
    - path: configs/config.yaml
      hash: md5
      md5: fa2acd036189d1aef0737b819c3a798c
      size: 1042
    - path: src/deepClassifier/pipeline/stage_01_data_ingestion.py
      hash: md5
      md5: 777595581d36297bff950b15ee7cf52b
      size: 761
    outs:
    - path: artifacts/data_ingestion/PetImages
      hash: md5
      md5: 3a5cf86541f22c236620ce5b952ad684.dir
      size: 848866410
      nfiles: 24998
